// !$*UTF8*$!
{
	archiveVersion = 1;
	classes = {
	};
	objectVersion = 46;
	objects = {

/* Begin PBXBuildFile section */
		854E97191DB077B8004B90B2 /* AppDelegate.swift in Sources */ = {isa = PBXBuildFile; fileRef = 854E97181DB077B8004B90B2 /* AppDelegate.swift */; };
		854E971B1DB077B8004B90B2 /* PhotosViewController.swift in Sources */ = {isa = PBXBuildFile; fileRef = 854E971A1DB077B8004B90B2 /* PhotosViewController.swift */; };
		854E971E1DB077B8004B90B2 /* Main.storyboard in Resources */ = {isa = PBXBuildFile; fileRef = 854E971C1DB077B8004B90B2 /* Main.storyboard */; };
		854E97201DB077B8004B90B2 /* Assets.xcassets in Resources */ = {isa = PBXBuildFile; fileRef = 854E971F1DB077B8004B90B2 /* Assets.xcassets */; };
		854E97231DB077B8004B90B2 /* LaunchScreen.storyboard in Resources */ = {isa = PBXBuildFile; fileRef = 854E97211DB077B8004B90B2 /* LaunchScreen.storyboard */; };
		854E972B1DB07B99004B90B2 /* PhotoViewCellTableViewCell.swift in Sources */ = {isa = PBXBuildFile; fileRef = 854E972A1DB07B99004B90B2 /* PhotoViewCellTableViewCell.swift */; };
		85DA44041DB091CE00BE7326 /* PhotoDetailsViewController.swift in Sources */ = {isa = PBXBuildFile; fileRef = 85DA44031DB091CE00BE7326 /* PhotoDetailsViewController.swift */; };
		FAFFB6720ECB85EBEEBAF178 /* Pods_Instagram.framework in Frameworks */ = {isa = PBXBuildFile; fileRef = AD450BB075C012DF60ECF84F /* Pods_Instagram.framework */; };
/* End PBXBuildFile section */

/* Begin PBXFileReference section */
		740A654EBFDFFF7B643FAE67 /* Pods-Instagram.debug.xcconfig */ = {isa = PBXFileReference; includeInIndex = 1; lastKnownFileType = text.xcconfig; name = "Pods-Instagram.debug.xcconfig"; path = "Pods/Target Support Files/Pods-Instagram/Pods-Instagram.debug.xcconfig"; sourceTree = "<group>"; };
		83E284DBB2295D9416591D48 /* Pods-Instagram.release.xcconfig */ = {isa = PBXFileReference; includeInIndex = 1; lastKnownFileType = text.xcconfig; name = "Pods-Instagram.release.xcconfig"; path = "Pods/Target Support Files/Pods-Instagram/Pods-Instagram.release.xcconfig"; sourceTree = "<group>"; };
		854E97151DB077B8004B90B2 /* Instagram.app */ = {isa = PBXFileReference; explicitFileType = wrapper.application; includeInIndex = 0; path = Instagram.app; sourceTree = BUILT_PRODUCTS_DIR; };
		854E97181DB077B8004B90B2 /* AppDelegate.swift */ = {isa = PBXFileReference; lastKnownFileType = sourcecode.swift; path = AppDelegate.swift; sourceTree = "<group>"; };
		854E971A1DB077B8004B90B2 /* PhotosViewController.swift */ = {isa = PBXFileReference; lastKnownFileType = sourcecode.swift; path = PhotosViewController.swift; sourceTree = "<group>"; };
		854E971D1DB077B8004B90B2 /* Base */ = {isa = PBXFileReference; lastKnownFileType = file.storyboard; name = Base; path = Base.lproj/Main.storyboard; sourceTree = "<group>"; };
		854E971F1DB077B8004B90B2 /* Assets.xcassets */ = {isa = PBXFileReference; lastKnownFileType = folder.assetcatalog; path = Assets.xcassets; sourceTree = "<group>"; };
		854E97221DB077B8004B90B2 /* Base */ = {isa = PBXFileReference; lastKnownFileType = file.storyboard; name = Base; path = Base.lproj/LaunchScreen.storyboard; sourceTree = "<group>"; };
		854E97241DB077B8004B90B2 /* Info.plist */ = {isa = PBXFileReference; lastKnownFileType = text.plist.xml; path = Info.plist; sourceTree = "<group>"; };
		854E972A1DB07B99004B90B2 /* PhotoViewCellTableViewCell.swift */ = {isa = PBXFileReference; fileEncoding = 4; lastKnownFileType = sourcecode.swift; path = PhotoViewCellTableViewCell.swift; sourceTree = "<group>"; };
		85DA44031DB091CE00BE7326 /* PhotoDetailsViewController.swift */ = {isa = PBXFileReference; fileEncoding = 4; lastKnownFileType = sourcecode.swift; path = PhotoDetailsViewController.swift; sourceTree = "<group>"; };
		AD450BB075C012DF60ECF84F /* Pods_Instagram.framework */ = {isa = PBXFileReference; explicitFileType = wrapper.framework; includeInIndex = 0; path = Pods_Instagram.framework; sourceTree = BUILT_PRODUCTS_DIR; };
/* End PBXFileReference section */

/* Begin PBXFrameworksBuildPhase section */
		854E97121DB077B8004B90B2 /* Frameworks */ = {
			isa = PBXFrameworksBuildPhase;
			buildActionMask = 2147483647;
			files = (
				FAFFB6720ECB85EBEEBAF178 /* Pods_Instagram.framework in Frameworks */,
			);
			runOnlyForDeploymentPostprocessing = 0;
		};
/* End PBXFrameworksBuildPhase section */

/* Begin PBXGroup section */
		739F671BD9F2B8D9FB26DB0D /* Pods */ = {
			isa = PBXGroup;
			children = (
				740A654EBFDFFF7B643FAE67 /* Pods-Instagram.debug.xcconfig */,
				83E284DBB2295D9416591D48 /* Pods-Instagram.release.xcconfig */,
			);
			name = Pods;
			sourceTree = "<group>";
		};
		854E970C1DB077B8004B90B2 = {
			isa = PBXGroup;
			children = (
				854E97171DB077B8004B90B2 /* Instagram */,
				854E97161DB077B8004B90B2 /* Products */,
				739F671BD9F2B8D9FB26DB0D /* Pods */,
				92E8E7CB2FD209604021C499 /* Frameworks */,
			);
			sourceTree = "<group>";
		};
		854E97161DB077B8004B90B2 /* Products */ = {
			isa = PBXGroup;
			children = (
				854E97151DB077B8004B90B2 /* Instagram.app */,
			);
			name = Products;
			sourceTree = "<group>";
		};
		854E97171DB077B8004B90B2 /* Instagram */ = {
			isa = PBXGroup;
			children = (
				85DA44031DB091CE00BE7326 /* PhotoDetailsViewController.swift */,
				854E97181DB077B8004B90B2 /* AppDelegate.swift */,
				854E971A1DB077B8004B90B2 /* PhotosViewController.swift */,
				854E971C1DB077B8004B90B2 /* Main.storyboard */,
				854E972A1DB07B99004B90B2 /* PhotoViewCellTableViewCell.swift */,
				854E971F1DB077B8004B90B2 /* Assets.xcassets */,
				854E97211DB077B8004B90B2 /* LaunchScreen.storyboard */,
				854E97241DB077B8004B90B2 /* Info.plist */,
			);
			path = Instagram;
			sourceTree = "<group>";
		};
		92E8E7CB2FD209604021C499 /* Frameworks */ = {
			isa = PBXGroup;
			children = (
				AD450BB075C012DF60ECF84F /* Pods_Instagram.framework */,
			);
			name = Frameworks;
			sourceTree = "<group>";
		};
/* End PBXGroup section */

/* Begin PBXNativeTarget section */
		854E97141DB077B8004B90B2 /* Instagram */ = {
			isa = PBXNativeTarget;
			buildConfigurationList = 854E97271DB077B8004B90B2 /* Build configuration list for PBXNativeTarget "Instagram" */;
			buildPhases = (
				5B91D0A991ACAC35A00237B0 /* [CP] Check Pods Manifest.lock */,
				854E97111DB077B8004B90B2 /* Sources */,
				854E97121DB077B8004B90B2 /* Frameworks */,
				854E97131DB077B8004B90B2 /* Resources */,
				CD183E60840F285E2706C63A /* [CP] Embed Pods Frameworks */,
				945767839CA8B2DC608C4834 /* [CP] Copy Pods Resources */,
			);
			buildRules = (
			);
			dependencies = (
			);
			name = Instagram;
			productName = Instagram;
			productReference = 854E97151DB077B8004B90B2 /* Instagram.app */;
			productType = "com.apple.product-type.application";
		};
/* End PBXNativeTarget section */

/* Begin PBXProject section */
		854E970D1DB077B8004B90B2 /* Project object */ = {
			isa = PBXProject;
			attributes = {
				LastSwiftUpdateCheck = 0800;
				LastUpgradeCheck = 0800;
				ORGANIZATIONNAME = codepath;
				TargetAttributes = {
					854E97141DB077B8004B90B2 = {
						CreatedOnToolsVersion = 8.0;
						ProvisioningStyle = Automatic;
					};
				};
			};
			buildConfigurationList = 854E97101DB077B8004B90B2 /* Build configuration list for PBXProject "Instagram" */;
			compatibilityVersion = "Xcode 3.2";
			developmentRegion = English;
			hasScannedForEncodings = 0;
			knownRegions = (
				en,
				Base,
			);
			mainGroup = 854E970C1DB077B8004B90B2;
			productRefGroup = 854E97161DB077B8004B90B2 /* Products */;
			projectDirPath = "";
			projectRoot = "";
			targets = (
				854E97141DB077B8004B90B2 /* Instagram */,
			);
		};
/* End PBXProject section */

/* Begin PBXResourcesBuildPhase section */
		854E97131DB077B8004B90B2 /* Resources */ = {
			isa = PBXResourcesBuildPhase;
			buildActionMask = 2147483647;
			files = (
				854E97231DB077B8004B90B2 /* LaunchScreen.storyboard in Resources */,
				854E97201DB077B8004B90B2 /* Assets.xcassets in Resources */,
				854E971E1DB077B8004B90B2 /* Main.storyboard in Resources */,
			);
			runOnlyForDeploymentPostprocessing = 0;
		};
/* End PBXResourcesBuildPhase section */

/* Begin PBXShellScriptBuildPhase section */
		5B91D0A991ACAC35A00237B0 /* [CP] Check Pods Manifest.lock */ = {
			isa = PBXShellScriptBuildPhase;
			buildActionMask = 2147483647;
			files = (
			);
			inputPaths = (
			);
			name = "[CP] Check Pods Manifest.lock";
			outputPaths = (
			);
			runOnlyForDeploymentPostprocessing = 0;
			shellPath = /bin/sh;
			shellScript = "diff \"${PODS_ROOT}/../Podfile.lock\" \"${PODS_ROOT}/Manifest.lock\" > /dev/null\nif [[ $? != 0 ]] ; then\n    cat << EOM\nerror: The sandbox is not in sync with the Podfile.lock. Run 'pod install' or update your CocoaPods installation.\nEOM\n    exit 1\nfi\n";
			showEnvVarsInLog = 0;
		};
		945767839CA8B2DC608C4834 /* [CP] Copy Pods Resources */ = {
			isa = PBXShellScriptBuildPhase;
			buildActionMask = 2147483647;
			files = (
			);
			inputPaths = (
			);
			name = "[CP] Copy Pods Resources";
			outputPaths = (
			);
			runOnlyForDeploymentPostprocessing = 0;
			shellPath = /bin/sh;
			shellScript = "\"${SRCROOT}/Pods/Target Support Files/Pods-Instagram/Pods-Instagram-resources.sh\"\n";
			showEnvVarsInLog = 0;
		};
		CD183E60840F285E2706C63A /* [CP] Embed Pods Frameworks */ = {
			isa = PBXShellScriptBuildPhase;
			buildActionMask = 2147483647;
			files = (
			);
			inputPaths = (
			);
			name = "[CP] Embed Pods Frameworks";
			outputPaths = (
			);
			runOnlyForDeploymentPostprocessing = 0;
			shellPath = /bin/sh;
			shellScript = "\"${SRCROOT}/Pods/Target Support Files/Pods-Instagram/Pods-Instagram-frameworks.sh\"\n";
			showEnvVarsInLog = 0;
		};
/* End PBXShellScriptBuildPhase section */

/* Begin PBXSourcesBuildPhase section */
		854E97111DB077B8004B90B2 /* Sources */ = {
			isa = PBXSourcesBuildPhase;
			buildActionMask = 2147483647;
			files = (
				85DA44041DB091CE00BE7326 /* PhotoDetailsViewController.swift in Sources */,
				854E971B1DB077B8004B90B2 /* PhotosViewController.swift in Sources */,
				854E97191DB077B8004B90B2 /* AppDelegate.swift in Sources */,
				854E972B1DB07B99004B90B2 /* PhotoViewCellTableViewCell.swift in Sources */,
			);
			runOnlyForDeploymentPostprocessing = 0;
		};
/* End PBXSourcesBuildPhase section */

/* Begin PBXVariantGroup section */
		854E971C1DB077B8004B90B2 /* Main.storyboard */ = {
			isa = PBXVariantGroup;
			children = (
				854E971D1DB077B8004B90B2 /* Base */,
			);
			name = Main.storyboard;
			sourceTree = "<group>";
		};
		854E97211DB077B8004B90B2 /* LaunchScreen.storyboard */ = {
			isa = PBXVariantGroup;
			children = (
				854E97221DB077B8004B90B2 /* Base */,
			);
			name = LaunchScreen.storyboard;
			sourceTree = "<group>";
		};
/* End PBXVariantGroup section */

/* Begin XCBuildConfiguration section */
		854E97251DB077B8004B90B2 /* Debug */ = {
			isa = XCBuildConfiguration;
			buildSettings = {
				ALWAYS_SEARCH_USER_PATHS = NO;
				CLANG_ANALYZER_NONNULL = YES;
				CLANG_CXX_LANGUAGE_STANDARD = "gnu++0x";
				CLANG_CXX_LIBRARY = "libc++";
				CLANG_ENABLE_MODULES = YES;
				CLANG_ENABLE_OBJC_ARC = YES;
				CLANG_WARN_BOOL_CONVERSION = YES;
				CLANG_WARN_CONSTANT_CONVERSION = YES;
				CLANG_WARN_DIRECT_OBJC_ISA_USAGE = YES_ERROR;
				CLANG_WARN_DOCUMENTATION_COMMENTS = YES;
				CLANG_WARN_EMPTY_BODY = YES;
				CLANG_WARN_ENUM_CONVERSION = YES;
				CLANG_WARN_INFINITE_RECURSION = YES;
				CLANG_WARN_INT_CONVERSION = YES;
				CLANG_WARN_OBJC_ROOT_CLASS = YES_ERROR;
				CLANG_WARN_SUSPICIOUS_MOVES = YES;
				CLANG_WARN_UNREACHABLE_CODE = YES;
				CLANG_WARN__DUPLICATE_METHOD_MATCH = YES;
				"CODE_SIGN_IDENTITY[sdk=iphoneos*]" = "iPhone Developer";
				COPY_PHASE_STRIP = NO;
				DEBUG_INFORMATION_FORMAT = dwarf;
				ENABLE_STRICT_OBJC_MSGSEND = YES;
				ENABLE_TESTABILITY = YES;
				GCC_C_LANGUAGE_STANDARD = gnu99;
				GCC_DYNAMIC_NO_PIC = NO;
				GCC_NO_COMMON_BLOCKS = YES;
				GCC_OPTIMIZATION_LEVEL = 0;
				GCC_PREPROCESSOR_DEFINITIONS = (
					"DEBUG=1",
					"$(inherited)",
				);
				GCC_WARN_64_TO_32_BIT_CONVERSION = YES;
				GCC_WARN_ABOUT_RETURN_TYPE = YES_ERROR;
				GCC_WARN_UNDECLARED_SELECTOR = YES;
				GCC_WARN_UNINITIALIZED_AUTOS = YES_AGGRESSIVE;
				GCC_WARN_UNUSED_FUNCTION = YES;
				GCC_WARN_UNUSED_VARIABLE = YES;
				IPHONEOS_DEPLOYMENT_TARGET = 10.0;
				MTL_ENABLE_DEBUG_INFO = YES;
				ONLY_ACTIVE_ARCH = YES;
				SDKROOT = iphoneos;
				SWIFT_ACTIVE_COMPILATION_CONDITIONS = DEBUG;
				SWIFT_OPTIMIZATION_LEVEL = "-Onone";
				TARGETED_DEVICE_FAMILY = "1,2";
			};
			name = Debug;
		};
		854E97261DB077B8004B90B2 /* Release */ = {
			isa = XCBuildConfiguration;
			buildSettings = {
				ALWAYS_SEARCH_USER_PATHS = NO;
				CLANG_ANALYZER_NONNULL = YES;
				CLANG_CXX_LANGUAGE_STANDARD = "gnu++0x";
				CLANG_CXX_LIBRARY = "libc++";
				CLANG_ENABLE_MODULES = YES;
				CLANG_ENABLE_OBJC_ARC = YES;
				CLANG_WARN_BOOL_CONVERSION = YES;
				CLANG_WARN_CONSTANT_CONVERSION = YES;
				CLANG_WARN_DIRECT_OBJC_ISA_USAGE = YES_ERROR;
				CLANG_WARN_DOCUMENTATION_COMMENTS = YES;
				CLANG_WARN_EMPTY_BODY = YES;
				CLANG_WARN_ENUM_CONVERSION = YES;
				CLANG_WARN_INFINITE_RECURSION = YES;
				CLANG_WARN_INT_CONVERSION = YES;
				CLANG_WARN_OBJC_ROOT_CLASS = YES_ERROR;
				CLANG_WARN_SUSPICIOUS_MOVES = YES;
				CLANG_WARN_UNREACHABLE_CODE = YES;
				CLANG_WARN__DUPLICATE_METHOD_MATCH = YES;
				"CODE_SIGN_IDENTITY[sdk=iphoneos*]" = "iPhone Developer";
				COPY_PHASE_STRIP = NO;
				DEBUG_INFORMATION_FORMAT = "dwarf-with-dsym";
				ENABLE_NS_ASSERTIONS = NO;
				ENABLE_STRICT_OBJC_MSGSEND = YES;
				GCC_C_LANGUAGE_STANDARD = gnu99;
				GCC_NO_COMMON_BLOCKS = YES;
				GCC_WARN_64_TO_32_BIT_CONVERSION = YES;
				GCC_WARN_ABOUT_RETURN_TYPE = YES_ERROR;
				GCC_WARN_UNDECLARED_SELECTOR = YES;
				GCC_WARN_UNINITIALIZED_AUTOS = YES_AGGRESSIVE;
				GCC_WARN_UNUSED_FUNCTION = YES;
				GCC_WARN_UNUSED_VARIABLE = YES;
				IPHONEOS_DEPLOYMENT_TARGET = 10.0;
				MTL_ENABLE_DEBUG_INFO = NO;
				SDKROOT = iphoneos;
				SWIFT_OPTIMIZATION_LEVEL = "-Owholemodule";
				TARGETED_DEVICE_FAMILY = "1,2";
				VALIDATE_PRODUCT = YES;
			};
			name = Release;
		};
		854E97281DB077B8004B90B2 /* Debug */ = {
			isa = XCBuildConfiguration;
			baseConfigurationReference = 740A654EBFDFFF7B643FAE67 /* Pods-Instagram.debug.xcconfig */;
			buildSettings = {
				ASSETCATALOG_COMPILER_APPICON_NAME = AppIcon;
				INFOPLIST_FILE = Instagram/Info.plist;
				LD_RUNPATH_SEARCH_PATHS = "$(inherited) @executable_path/Frameworks";
				PRODUCT_BUNDLE_IDENTIFIER = com.codpath.Instagram;
				PRODUCT_NAME = "$(TARGET_NAME)";
				SWIFT_VERSION = 3.0;
			};
			name = Debug;
		};
		854E97291DB077B8004B90B2 /* Release */ = {
			isa = XCBuildConfiguration;
			baseConfigurationReference = 83E284DBB2295D9416591D48 /* Pods-Instagram.release.xcconfig */;
			buildSettings = {
				ASSETCATALOG_COMPILER_APPICON_NAME = AppIcon;
				INFOPLIST_FILE = Instagram/Info.plist;
				LD_RUNPATH_SEARCH_PATHS = "$(inherited) @executable_path/Frameworks";
				PRODUCT_BUNDLE_IDENTIFIER = com.codpath.Instagram;
				PRODUCT_NAME = "$(TARGET_NAME)";
				SWIFT_VERSION = 3.0;
			};
			name = Release;
		};
/* End XCBuildConfiguration section */

/* Begin XCConfigurationList section */
		854E97101DB077B8004B90B2 /* Build configuration list for PBXProject "Instagram" */ = {
			isa = XCConfigurationList;
			buildConfigurations = (
				854E97251DB077B8004B90B2 /* Debug */,
				854E97261DB077B8004B90B2 /* Release */,
			);
			defaultConfigurationIsVisible = 0;
			defaultConfigurationName = Release;
		};
		854E97271DB077B8004B90B2 /* Build configuration list for PBXNativeTarget "Instagram" */ = {
			isa = XCConfigurationList;
			buildConfigurations = (
				854E97281DB077B8004B90B2 /* Debug */,
				854E97291DB077B8004B90B2 /* Release */,
			);
			defaultConfigurationIsVisible = 0;
			defaultConfigurationName = Release;
		};
/* End XCConfigurationList section */
	};
	rootObject = 854E970D1DB077B8004B90B2 /* Project object */;
}
